
Microsoft Visual Studio Solution File, Format Version 12.00
# Visual Studio 15
VisualStudioVersion = 15.0.27703.2026
MinimumVisualStudioVersion = 10.0.40219.1
Project("{FAE04EC0-301F-11D3-BF4B-00C04F79EFBC}") = "SDSFoundation.ExtensionMethods", "SDSFoundation.ExtensionMethods\SDSFoundation.ExtensionMethods.csproj", "{93F70805-FC21-438B-A251-06F8673F006E}"
EndProject
Project("{2150E333-8FDC-42A3-9474-1A3956D46DE8}") = "Interfaces", "Interfaces", "{D366F385-2FAB-4FD7-AF05-C3CD07C690B3}"
EndProject
Project("{FAE04EC0-301F-11D3-BF4B-00C04F79EFBC}") = "SDSFoundation.Interfaces.Content", "SDS.Interfaces.Content\SDSFoundation.Interfaces.Content.csproj", "{9F71C068-792A-4C22-BCCD-BDDEC9B246F3}"
EndProject
Project("{2150E333-8FDC-42A3-9474-1A3956D46DE8}") = "Model", "Model", "{3B2C4138-7A34-44B7-9A25-2988BB31A7D5}"
EndProject
Project("{FAE04EC0-301F-11D3-BF4B-00C04F79EFBC}") = "SDSFoundation.Model.Content", "SDSFoundation.Model.Content\SDSFoundation.Model.Content.csproj", "{0B8D46DE-B1B8-4AE8-9353-22AC4736021F}"
EndProject
Project("{2150E333-8FDC-42A3-9474-1A3956D46DE8}") = "ExtensionMethods", "ExtensionMethods", "{F94B5248-43AA-46D9-8004-C69DD719DC43}"
EndProject
Project("{2150E333-8FDC-42A3-9474-1A3956D46DE8}") = "DemoApplications", "DemoApplications", "{81C6A6CD-71E5-41F8-A6A0-B8F98670B24C}"
EndProject
Project("{2150E333-8FDC-42A3-9474-1A3956D46DE8}") = "WPF", "WPF", "{3AF938B5-D1D4-4EF4-BD48-B1EE30E8C4D4}"
EndProject
Project("{2150E333-8FDC-42A3-9474-1A3956D46DE8}") = "MVC", "MVC", "{02CB3DF5-BF44-4E8B-96D1-E4A2E539F6AD}"
EndProject
Project("{2150E333-8FDC-42A3-9474-1A3956D46DE8}") = "Content", "Content", "{B1ADB7D6-4FDA-4FFE-97B7-901B8EEB1A9F}"
EndProject
Project("{FAE04EC0-301F-11D3-BF4B-00C04F79EFBC}") = "SDSFoundation.DemoApplications.WPF.Content.Player", "SDSFoundation.DemoApplications.WPF.Content.Player\SDSFoundation.DemoApplications.WPF.Content.Player.csproj", "{63FACD31-EA50-4EB6-B290-FCAC453C32CC}"
EndProject
Project("{2150E333-8FDC-42A3-9474-1A3956D46DE8}") = "Winform", "Winform", "{43FB0FCC-2503-4A50-8050-F036D636FA3C}"
EndProject
Project("{2150E333-8FDC-42A3-9474-1A3956D46DE8}") = "JavaScript", "JavaScript", "{AF7F39E2-E6B1-4777-8181-E23A04586F15}"
EndProject
Project("{2150E333-8FDC-42A3-9474-1A3956D46DE8}") = "Interop", "Interop", "{F70183ED-018C-4AEA-BCFC-DB04B1F6B2A0}"
EndProject
Project("{2150E333-8FDC-42A3-9474-1A3956D46DE8}") = "ActiveX", "ActiveX", "{20E378B0-4659-4328-B3A0-C46269932262}"
EndProject
Project("{FAE04EC0-301F-11D3-BF4B-00C04F79EFBC}") = "SDSFoundation.Interop.ActiveX.UserControl.Wrapper", "SDSFoundation.Interop.ActiveX.UserControl\SDSFoundation.Interop.ActiveX.UserControl.Wrapper.csproj", "{4C7B55FA-7380-47E2-B7A3-248E0ABE3CAF}"
EndProject
Project("{2150E333-8FDC-42A3-9474-1A3956D46DE8}") = "Manufacturer", "Manufacturer", "{4F00941F-0A60-4B82-B55F-F5F33DA02611}"
EndProject
Project("{2150E333-8FDC-42A3-9474-1A3956D46DE8}") = "Geovision", "Geovision", "{855F23AF-0152-461E-AFE8-394BC49B62EC}"
EndProject
Project("{FAE04EC0-301F-11D3-BF4B-00C04F79EFBC}") = "SDSFoundation.Interop.ActiveX.Manufacturer.Geovision.ActiveXPlayers", "SDSFoundation.Interop.Manufacturer.Geovision.ActiveXPlayers\SDSFoundation.Interop.ActiveX.Manufacturer.Geovision.ActiveXPlayers.csproj", "{E07CA892-C03A-404E-85A5-3618AB021AB0}"
EndProject
Project("{FAE04EC0-301F-11D3-BF4B-00C04F79EFBC}") = "SDSFoundation.Interop.ActiveX.Manufacturer.Geovision.Demo", "SDSFoundation.Interop.ActiveX.Manufacturer.Geovision.Demo\SDSFoundation.Interop.ActiveX.Manufacturer.Geovision.Demo.csproj", "{7CC6AEAB-DAC3-429E-B6FE-1A2E554A86A6}"
EndProject
Project("{FAE04EC0-301F-11D3-BF4B-00C04F79EFBC}") = "SDSFoundation.Interfaces.Interop.ActiveX", "SDSFoundation.Interfaces.Interop.ActiveX\SDSFoundation.Interfaces.Interop.ActiveX.csproj", "{ACCBEBB1-69B0-4854-81A5-08A19AD6C588}"
EndProject
Project("{FAE04EC0-301F-11D3-BF4B-00C04F79EFBC}") = "SDSFoundation.Model.Device", "SDSFoundation.Model.Device\SDSFoundation.Model.Device.csproj", "{B408DE6A-3EEC-4A6B-B580-2AC644B1F60B}"
EndProject
Project("{FAE04EC0-301F-11D3-BF4B-00C04F79EFBC}") = "SDSFoundation.Model.Schedule", "SDSFoundation.Model.Schedule\SDSFoundation.Model.Schedule.csproj", "{D6663F9E-2E52-4D2D-A8D8-065E8BAB77EA}"
EndProject
Project("{FAE04EC0-301F-11D3-BF4B-00C04F79EFBC}") = "SDSFoundation.Interfaces.Device", "SDSFoundation.Interfaces.Device\SDSFoundation.Interfaces.Device.csproj", "{58A7D8C0-2615-4B68-B221-F33286A57475}"
EndProject
Project("{FAE04EC0-301F-11D3-BF4B-00C04F79EFBC}") = "SDSFoundation.Interfaces.Patterns", "SDSFoundation.Interfaces.Patterns\SDSFoundation.Interfaces.Patterns.csproj", "{C5B3A198-2508-4D1B-87FF-73C4C97385D8}"
EndProject
Project("{FAE04EC0-301F-11D3-BF4B-00C04F79EFBC}") = "SDSFoundation.Interfaces.EntityFramework", "SDSFoundation.Interfaces.EntityFramework\SDSFoundation.Interfaces.EntityFramework.csproj", "{FBCD4345-EC07-44B1-9D4A-70E77ACDBA96}"
EndProject
Project("{FAE04EC0-301F-11D3-BF4B-00C04F79EFBC}") = "SDSFoundation.Interfaces.Domain", "SDSFoundation.Interfaces.Domain\SDSFoundation.Interfaces.Domain.csproj", "{0422B191-531E-4298-9C40-A7AD942A6D27}"
EndProject
Project("{2150E333-8FDC-42A3-9474-1A3956D46DE8}") = "WindowsService", "WindowsService", "{19B340F3-21CB-4639-AFF5-A359A4D44DCB}"
EndProject
Project("{2150E333-8FDC-42A3-9474-1A3956D46DE8}") = "Base", "Base", "{CBE8C787-B637-4F52-8E5C-BEA9004D0269}"
EndProject
Project("{FAE04EC0-301F-11D3-BF4B-00C04F79EFBC}") = "SDSFoundation.Interfaces.Security", "SDSFoundation.Interfaces.Security\SDSFoundation.Interfaces.Security.csproj", "{9BEA654F-AE79-4B66-9F61-2D6F610D0BED}"
EndProject
Project("{FAE04EC0-301F-11D3-BF4B-00C04F79EFBC}") = "SDSFoundation.Interfaces.Schedule", "SDSFoundation.Interfaces.Schedule\SDSFoundation.Interfaces.Schedule.csproj", "{2EE85920-D5F5-45FE-9FF8-7E193DB78B71}"
EndProject
Project("{FAE04EC0-301F-11D3-BF4B-00C04F79EFBC}") = "SDSFoundation.Base.Scheduling", "SDSFoundation.Base.Scheduling\SDSFoundation.Base.Scheduling.csproj", "{B5CE46EB-5CF2-42F8-9576-3A7BF9F64AF8}"
EndProject
Project("{9A19103F-16F7-4668-BE54-9A1E7A4F7556}") = "SDSFoundation.Model.Security.NetStandard", "SDSFoundation.Model.Security.NetStandard\SDSFoundation.Model.Security.NetStandard.csproj", "{045F4D91-AA14-45EB-95E1-166D9BDAB789}"
EndProject
Project("{9A19103F-16F7-4668-BE54-9A1E7A4F7556}") = "SDSFoundation.ExtensionMethods.NetStandard", "SDSFoundation.ExtensionMethods.NetStandard\SDSFoundation.ExtensionMethods.NetStandard.csproj", "{FD8B3F63-E23F-4725-81FC-9CEBF5A88820}"
EndProject
Project("{2150E333-8FDC-42A3-9474-1A3956D46DE8}") = "Security", "Security", "{6F3CD7C3-91BB-40FF-A70A-848626E8AE5C}"
EndProject
Project("{9A19103F-16F7-4668-BE54-9A1E7A4F7556}") = "SDSFoundation.Security.OpenIdDict", "SDSFoundation.Security.OpenIdDict\SDSFoundation.Security.OpenIdDict.csproj", "{CA046884-3F3E-4B30-BF4E-6FC487EFD43D}"
EndProject
Project("{9A19103F-16F7-4668-BE54-9A1E7A4F7556}") = "SDSFoundation.Security.OpenIdDict.Tests", "SDSFoundation.Security.OpenIdDic.Tests\SDSFoundation.Security.OpenIdDict.Tests.csproj", "{AE7CC6C8-B6D5-4300-817B-33D7A1DBE3E8}"
EndProject
Global
	GlobalSection(SolutionConfigurationPlatforms) = preSolution
		Debug|Any CPU = Debug|Any CPU
		Release|Any CPU = Release|Any CPU
	EndGlobalSection
	GlobalSection(ProjectConfigurationPlatforms) = postSolution
		{93F70805-FC21-438B-A251-06F8673F006E}.Debug|Any CPU.ActiveCfg = Debug|Any CPU
		{93F70805-FC21-438B-A251-06F8673F006E}.Debug|Any CPU.Build.0 = Debug|Any CPU
		{93F70805-FC21-438B-A251-06F8673F006E}.Release|Any CPU.ActiveCfg = Release|Any CPU
		{93F70805-FC21-438B-A251-06F8673F006E}.Release|Any CPU.Build.0 = Release|Any CPU
		{9F71C068-792A-4C22-BCCD-BDDEC9B246F3}.Debug|Any CPU.ActiveCfg = Debug|Any CPU
		{9F71C068-792A-4C22-BCCD-BDDEC9B246F3}.Debug|Any CPU.Build.0 = Debug|Any CPU
		{9F71C068-792A-4C22-BCCD-BDDEC9B246F3}.Release|Any CPU.ActiveCfg = Release|Any CPU
		{9F71C068-792A-4C22-BCCD-BDDEC9B246F3}.Release|Any CPU.Build.0 = Release|Any CPU
		{0B8D46DE-B1B8-4AE8-9353-22AC4736021F}.Debug|Any CPU.ActiveCfg = Debug|Any CPU
		{0B8D46DE-B1B8-4AE8-9353-22AC4736021F}.Debug|Any CPU.Build.0 = Debug|Any CPU
		{0B8D46DE-B1B8-4AE8-9353-22AC4736021F}.Release|Any CPU.ActiveCfg = Release|Any CPU
		{0B8D46DE-B1B8-4AE8-9353-22AC4736021F}.Release|Any CPU.Build.0 = Release|Any CPU
		{63FACD31-EA50-4EB6-B290-FCAC453C32CC}.Debug|Any CPU.ActiveCfg = Debug|Any CPU
		{63FACD31-EA50-4EB6-B290-FCAC453C32CC}.Debug|Any CPU.Build.0 = Debug|Any CPU
		{63FACD31-EA50-4EB6-B290-FCAC453C32CC}.Release|Any CPU.ActiveCfg = Release|Any CPU
		{63FACD31-EA50-4EB6-B290-FCAC453C32CC}.Release|Any CPU.Build.0 = Release|Any CPU
		{4C7B55FA-7380-47E2-B7A3-248E0ABE3CAF}.Debug|Any CPU.ActiveCfg = Debug|Any CPU
		{4C7B55FA-7380-47E2-B7A3-248E0ABE3CAF}.Debug|Any CPU.Build.0 = Debug|Any CPU
		{4C7B55FA-7380-47E2-B7A3-248E0ABE3CAF}.Release|Any CPU.ActiveCfg = Release|Any CPU
		{4C7B55FA-7380-47E2-B7A3-248E0ABE3CAF}.Release|Any CPU.Build.0 = Release|Any CPU
		{E07CA892-C03A-404E-85A5-3618AB021AB0}.Debug|Any CPU.ActiveCfg = Debug|Any CPU
		{E07CA892-C03A-404E-85A5-3618AB021AB0}.Debug|Any CPU.Build.0 = Debug|Any CPU
		{E07CA892-C03A-404E-85A5-3618AB021AB0}.Release|Any CPU.ActiveCfg = Release|Any CPU
		{E07CA892-C03A-404E-85A5-3618AB021AB0}.Release|Any CPU.Build.0 = Release|Any CPU
		{7CC6AEAB-DAC3-429E-B6FE-1A2E554A86A6}.Debug|Any CPU.ActiveCfg = Debug|Any CPU
		{7CC6AEAB-DAC3-429E-B6FE-1A2E554A86A6}.Debug|Any CPU.Build.0 = Debug|Any CPU
		{7CC6AEAB-DAC3-429E-B6FE-1A2E554A86A6}.Release|Any CPU.ActiveCfg = Release|Any CPU
		{7CC6AEAB-DAC3-429E-B6FE-1A2E554A86A6}.Release|Any CPU.Build.0 = Release|Any CPU
		{ACCBEBB1-69B0-4854-81A5-08A19AD6C588}.Debug|Any CPU.ActiveCfg = Debug|Any CPU
		{ACCBEBB1-69B0-4854-81A5-08A19AD6C588}.Debug|Any CPU.Build.0 = Debug|Any CPU
		{ACCBEBB1-69B0-4854-81A5-08A19AD6C588}.Release|Any CPU.ActiveCfg = Release|Any CPU
		{ACCBEBB1-69B0-4854-81A5-08A19AD6C588}.Release|Any CPU.Build.0 = Release|Any CPU
		{B408DE6A-3EEC-4A6B-B580-2AC644B1F60B}.Debug|Any CPU.ActiveCfg = Debug|Any CPU
		{B408DE6A-3EEC-4A6B-B580-2AC644B1F60B}.Debug|Any CPU.Build.0 = Debug|Any CPU
		{B408DE6A-3EEC-4A6B-B580-2AC644B1F60B}.Release|Any CPU.ActiveCfg = Release|Any CPU
		{B408DE6A-3EEC-4A6B-B580-2AC644B1F60B}.Release|Any CPU.Build.0 = Release|Any CPU
		{D6663F9E-2E52-4D2D-A8D8-065E8BAB77EA}.Debug|Any CPU.ActiveCfg = Debug|Any CPU
		{D6663F9E-2E52-4D2D-A8D8-065E8BAB77EA}.Debug|Any CPU.Build.0 = Debug|Any CPU
		{D6663F9E-2E52-4D2D-A8D8-065E8BAB77EA}.Release|Any CPU.ActiveCfg = Release|Any CPU
		{D6663F9E-2E52-4D2D-A8D8-065E8BAB77EA}.Release|Any CPU.Build.0 = Release|Any CPU
		{58A7D8C0-2615-4B68-B221-F33286A57475}.Debug|Any CPU.ActiveCfg = Debug|Any CPU
		{58A7D8C0-2615-4B68-B221-F33286A57475}.Debug|Any CPU.Build.0 = Debug|Any CPU
		{58A7D8C0-2615-4B68-B221-F33286A57475}.Release|Any CPU.ActiveCfg = Release|Any CPU
		{58A7D8C0-2615-4B68-B221-F33286A57475}.Release|Any CPU.Build.0 = Release|Any CPU
		{C5B3A198-2508-4D1B-87FF-73C4C97385D8}.Debug|Any CPU.ActiveCfg = Debug|Any CPU
		{C5B3A198-2508-4D1B-87FF-73C4C97385D8}.Debug|Any CPU.Build.0 = Debug|Any CPU
		{C5B3A198-2508-4D1B-87FF-73C4C97385D8}.Release|Any CPU.ActiveCfg = Release|Any CPU
		{C5B3A198-2508-4D1B-87FF-73C4C97385D8}.Release|Any CPU.Build.0 = Release|Any CPU
		{FBCD4345-EC07-44B1-9D4A-70E77ACDBA96}.Debug|Any CPU.ActiveCfg = Debug|Any CPU
		{FBCD4345-EC07-44B1-9D4A-70E77ACDBA96}.Debug|Any CPU.Build.0 = Debug|Any CPU
		{FBCD4345-EC07-44B1-9D4A-70E77ACDBA96}.Release|Any CPU.ActiveCfg = Release|Any CPU
		{FBCD4345-EC07-44B1-9D4A-70E77ACDBA96}.Release|Any CPU.Build.0 = Release|Any CPU
		{0422B191-531E-4298-9C40-A7AD942A6D27}.Debug|Any CPU.ActiveCfg = Debug|Any CPU
		{0422B191-531E-4298-9C40-A7AD942A6D27}.Debug|Any CPU.Build.0 = Debug|Any CPU
		{0422B191-531E-4298-9C40-A7AD942A6D27}.Release|Any CPU.ActiveCfg = Release|Any CPU
		{0422B191-531E-4298-9C40-A7AD942A6D27}.Release|Any CPU.Build.0 = Release|Any CPU
		{9BEA654F-AE79-4B66-9F61-2D6F610D0BED}.Debug|Any CPU.ActiveCfg = Debug|Any CPU
		{9BEA654F-AE79-4B66-9F61-2D6F610D0BED}.Debug|Any CPU.Build.0 = Debug|Any CPU
		{9BEA654F-AE79-4B66-9F61-2D6F610D0BED}.Release|Any CPU.ActiveCfg = Release|Any CPU
		{9BEA654F-AE79-4B66-9F61-2D6F610D0BED}.Release|Any CPU.Build.0 = Release|Any CPU
		{2EE85920-D5F5-45FE-9FF8-7E193DB78B71}.Debug|Any CPU.ActiveCfg = Debug|Any CPU
		{2EE85920-D5F5-45FE-9FF8-7E193DB78B71}.Debug|Any CPU.Build.0 = Debug|Any CPU
		{2EE85920-D5F5-45FE-9FF8-7E193DB78B71}.Release|Any CPU.ActiveCfg = Release|Any CPU
		{2EE85920-D5F5-45FE-9FF8-7E193DB78B71}.Release|Any CPU.Build.0 = Release|Any CPU
		{B5CE46EB-5CF2-42F8-9576-3A7BF9F64AF8}.Debug|Any CPU.ActiveCfg = Debug|Any CPU
		{B5CE46EB-5CF2-42F8-9576-3A7BF9F64AF8}.Debug|Any CPU.Build.0 = Debug|Any CPU
		{B5CE46EB-5CF2-42F8-9576-3A7BF9F64AF8}.Release|Any CPU.ActiveCfg = Release|Any CPU
		{B5CE46EB-5CF2-42F8-9576-3A7BF9F64AF8}.Release|Any CPU.Build.0 = Release|Any CPU
		{045F4D91-AA14-45EB-95E1-166D9BDAB789}.Debug|Any CPU.ActiveCfg = Debug|Any CPU
		{045F4D91-AA14-45EB-95E1-166D9BDAB789}.Debug|Any CPU.Build.0 = Debug|Any CPU
		{045F4D91-AA14-45EB-95E1-166D9BDAB789}.Release|Any CPU.ActiveCfg = Release|Any CPU
		{045F4D91-AA14-45EB-95E1-166D9BDAB789}.Release|Any CPU.Build.0 = Release|Any CPU
		{FD8B3F63-E23F-4725-81FC-9CEBF5A88820}.Debug|Any CPU.ActiveCfg = Debug|Any CPU
		{FD8B3F63-E23F-4725-81FC-9CEBF5A88820}.Debug|Any CPU.Build.0 = Debug|Any CPU
		{FD8B3F63-E23F-4725-81FC-9CEBF5A88820}.Release|Any CPU.ActiveCfg = Release|Any CPU
		{FD8B3F63-E23F-4725-81FC-9CEBF5A88820}.Release|Any CPU.Build.0 = Release|Any CPU
		{CA046884-3F3E-4B30-BF4E-6FC487EFD43D}.Debug|Any CPU.ActiveCfg = Debug|Any CPU
		{CA046884-3F3E-4B30-BF4E-6FC487EFD43D}.Debug|Any CPU.Build.0 = Debug|Any CPU
		{CA046884-3F3E-4B30-BF4E-6FC487EFD43D}.Release|Any CPU.ActiveCfg = Release|Any CPU
		{CA046884-3F3E-4B30-BF4E-6FC487EFD43D}.Release|Any CPU.Build.0 = Release|Any CPU
		{AE7CC6C8-B6D5-4300-817B-33D7A1DBE3E8}.Debug|Any CPU.ActiveCfg = Debug|Any CPU
		{AE7CC6C8-B6D5-4300-817B-33D7A1DBE3E8}.Debug|Any CPU.Build.0 = Debug|Any CPU
		{AE7CC6C8-B6D5-4300-817B-33D7A1DBE3E8}.Release|Any CPU.ActiveCfg = Release|Any CPU
		{AE7CC6C8-B6D5-4300-817B-33D7A1DBE3E8}.Release|Any CPU.Build.0 = Release|Any CPU
	EndGlobalSection
	GlobalSection(SolutionProperties) = preSolution
		HideSolutionNode = FALSE
	EndGlobalSection
	GlobalSection(NestedProjects) = preSolution
		{93F70805-FC21-438B-A251-06F8673F006E} = {F94B5248-43AA-46D9-8004-C69DD719DC43}
		{9F71C068-792A-4C22-BCCD-BDDEC9B246F3} = {D366F385-2FAB-4FD7-AF05-C3CD07C690B3}
		{0B8D46DE-B1B8-4AE8-9353-22AC4736021F} = {3B2C4138-7A34-44B7-9A25-2988BB31A7D5}
		{3AF938B5-D1D4-4EF4-BD48-B1EE30E8C4D4} = {81C6A6CD-71E5-41F8-A6A0-B8F98670B24C}
		{02CB3DF5-BF44-4E8B-96D1-E4A2E539F6AD} = {81C6A6CD-71E5-41F8-A6A0-B8F98670B24C}
		{B1ADB7D6-4FDA-4FFE-97B7-901B8EEB1A9F} = {3AF938B5-D1D4-4EF4-BD48-B1EE30E8C4D4}
		{63FACD31-EA50-4EB6-B290-FCAC453C32CC} = {B1ADB7D6-4FDA-4FFE-97B7-901B8EEB1A9F}
		{43FB0FCC-2503-4A50-8050-F036D636FA3C} = {81C6A6CD-71E5-41F8-A6A0-B8F98670B24C}
		{AF7F39E2-E6B1-4777-8181-E23A04586F15} = {81C6A6CD-71E5-41F8-A6A0-B8F98670B24C}
		{20E378B0-4659-4328-B3A0-C46269932262} = {F70183ED-018C-4AEA-BCFC-DB04B1F6B2A0}
		{4C7B55FA-7380-47E2-B7A3-248E0ABE3CAF} = {20E378B0-4659-4328-B3A0-C46269932262}
		{4F00941F-0A60-4B82-B55F-F5F33DA02611} = {20E378B0-4659-4328-B3A0-C46269932262}
		{855F23AF-0152-461E-AFE8-394BC49B62EC} = {4F00941F-0A60-4B82-B55F-F5F33DA02611}
		{E07CA892-C03A-404E-85A5-3618AB021AB0} = {855F23AF-0152-461E-AFE8-394BC49B62EC}
		{7CC6AEAB-DAC3-429E-B6FE-1A2E554A86A6} = {855F23AF-0152-461E-AFE8-394BC49B62EC}
		{ACCBEBB1-69B0-4854-81A5-08A19AD6C588} = {D366F385-2FAB-4FD7-AF05-C3CD07C690B3}
		{B408DE6A-3EEC-4A6B-B580-2AC644B1F60B} = {3B2C4138-7A34-44B7-9A25-2988BB31A7D5}
		{D6663F9E-2E52-4D2D-A8D8-065E8BAB77EA} = {3B2C4138-7A34-44B7-9A25-2988BB31A7D5}
		{58A7D8C0-2615-4B68-B221-F33286A57475} = {D366F385-2FAB-4FD7-AF05-C3CD07C690B3}
		{C5B3A198-2508-4D1B-87FF-73C4C97385D8} = {D366F385-2FAB-4FD7-AF05-C3CD07C690B3}
		{FBCD4345-EC07-44B1-9D4A-70E77ACDBA96} = {D366F385-2FAB-4FD7-AF05-C3CD07C690B3}
		{0422B191-531E-4298-9C40-A7AD942A6D27} = {D366F385-2FAB-4FD7-AF05-C3CD07C690B3}
		{19B340F3-21CB-4639-AFF5-A359A4D44DCB} = {81C6A6CD-71E5-41F8-A6A0-B8F98670B24C}
		{9BEA654F-AE79-4B66-9F61-2D6F610D0BED} = {D366F385-2FAB-4FD7-AF05-C3CD07C690B3}
		{2EE85920-D5F5-45FE-9FF8-7E193DB78B71} = {D366F385-2FAB-4FD7-AF05-C3CD07C690B3}
		{B5CE46EB-5CF2-42F8-9576-3A7BF9F64AF8} = {CBE8C787-B637-4F52-8E5C-BEA9004D0269}
		{045F4D91-AA14-45EB-95E1-166D9BDAB789} = {3B2C4138-7A34-44B7-9A25-2988BB31A7D5}
		{FD8B3F63-E23F-4725-81FC-9CEBF5A88820} = {F94B5248-43AA-46D9-8004-C69DD719DC43}
		{CA046884-3F3E-4B30-BF4E-6FC487EFD43D} = {6F3CD7C3-91BB-40FF-A70A-848626E8AE5C}
		{AE7CC6C8-B6D5-4300-817B-33D7A1DBE3E8} = {6F3CD7C3-91BB-40FF-A70A-848626E8AE5C}
	EndGlobalSection
	GlobalSection(ExtensibilityGlobals) = postSolution
		SolutionGuid = {1296FF46-890B-49D5-BF55-A83F66BF21DA}
	EndGlobalSection
EndGlobal
